{
  "version": "5",
  "remote": {
    "https://esm.sh/@supabase/supabase-js@2.57.4": "05a369085eb4a4c99d85ccece97f0cf1e05357122e0e74373da1f0e91b014902"
  },
  "workspace": {
    "packageJson": {
      "dependencies": [
        "npm:@playwright/test@1.60.0",
        "npm:@supabase/supabase-js@2.57.4",
        "npm:http-server@14.1.1"
      ]
    }
  }
}
